{
  "object": {
    "pins": [
      {
        "package": "Alamofire",
        "repositoryURL": "https://github.com/Alamofire/Alamofire.git",
        "state": {
          "branch": null,
          "revision": "eaf6e622dd41b07b251d8f01752eab31bc811493",
          "version": "5.4.1"
        }
      },
      {
        "package": "CalendarKit",
        "repositoryURL": "https://github.com/richardtop/CalendarKit.git",
        "state": {
          "branch": null,
          "revision": "1e64e275a79ad6712b1dd32c33b69fd919afd5c3",
          "version": "0.14.7"
        }
      },
      {
        "package": "Kingfisher",
        "repositoryURL": "https://github.com/onevcat/Kingfisher.git",
        "state": {
          "branch": null,
          "revision": "0be276f6a7fd54af4c3eb03f2d12e12d8c8a1a1d",
          "version": "6.0.1"
        }
      },
      {
        "package": "SideMenu",
        "repositoryURL": "https://github.com/jonkykong/SideMenu.git",
        "state": {
          "branch": null,
          "revision": "8bd4fd128923cf5494fa726839af8afe12908ad9",
          "version": "6.5.0"
        }
      },
      {
        "package": "SwiftMessages",
        "repositoryURL": "https://github.com/SwiftKickMobile/SwiftMessages.git",
        "state": {
          "branch": null,
          "revision": "74de8becfd5b77bcdfa87da4eedac7f03e7d243a",
          "version": "9.0.0"
        }
      }
    ]
  },
  "version": 1
}
